
Microsoft Visual Studio Solution File, Format Version 12.00
# Visual Studio 15
VisualStudioVersion = 15.0.28010.2036
MinimumVisualStudioVersion = 10.0.40219.1
Project("{FAE04EC0-301F-11D3-BF4B-00C04F79EFBC}") = "MemoryGame.App.Android", "MemoryGame.App\MemoryGame.App.Android\MemoryGame.App.Android.csproj", "{E36F4ED3-6E92-4B42-82FA-5CE67AA2B5D4}"
EndProject
Project("{FAE04EC0-301F-11D3-BF4B-00C04F79EFBC}") = "MemoryGame.App.iOS", "MemoryGame.App\MemoryGame.App.iOS\MemoryGame.App.iOS.csproj", "{1FAD2C27-12FC-46A4-B018-02A865430647}"
EndProject
Project("{9A19103F-16F7-4668-BE54-9A1E7A4F7556}") = "MemoryGame.App", "MemoryGame.App\MemoryGame.App\MemoryGame.App.csproj", "{3ADED454-9898-47AE-8B33-7B096BB6F500}"
EndProject
Project("{FAE04EC0-301F-11D3-BF4B-00C04F79EFBC}") = "MemoryGame.API", "MemoryGame.API\MemoryGame.API.csproj", "{0194F58D-B660-4242-B050-767F9839E486}"
EndProject
Project("{FAE04EC0-301F-11D3-BF4B-00C04F79EFBC}") = "MemoryGame.Web", "MemoryGame.Web\MemoryGame.Web.csproj", "{AE4CEDCB-9854-47E7-8C69-401E1E15A43C}"
EndProject
Global
	GlobalSection(SolutionConfigurationPlatforms) = preSolution
		Ad-Hoc|Any CPU = Ad-Hoc|Any CPU
		Ad-Hoc|iPhone = Ad-Hoc|iPhone
		Ad-Hoc|iPhoneSimulator = Ad-Hoc|iPhoneSimulator
		AppStore|Any CPU = AppStore|Any CPU
		AppStore|iPhone = AppStore|iPhone
		AppStore|iPhoneSimulator = AppStore|iPhoneSimulator
		Debug|Any CPU = Debug|Any CPU
		Debug|iPhone = Debug|iPhone
		Debug|iPhoneSimulator = Debug|iPhoneSimulator
		Release|Any CPU = Release|Any CPU
		Release|iPhone = Release|iPhone
		Release|iPhoneSimulator = Release|iPhoneSimulator
	EndGlobalSection
	GlobalSection(ProjectConfigurationPlatforms) = postSolution
		{E36F4ED3-6E92-4B42-82FA-5CE67AA2B5D4}.Ad-Hoc|Any CPU.ActiveCfg = Release|Any CPU
		{E36F4ED3-6E92-4B42-82FA-5CE67AA2B5D4}.Ad-Hoc|Any CPU.Build.0 = Release|Any CPU
		{E36F4ED3-6E92-4B42-82FA-5CE67AA2B5D4}.Ad-Hoc|Any CPU.Deploy.0 = Release|Any CPU
		{E36F4ED3-6E92-4B42-82FA-5CE67AA2B5D4}.Ad-Hoc|iPhone.ActiveCfg = Release|Any CPU
		{E36F4ED3-6E92-4B42-82FA-5CE67AA2B5D4}.Ad-Hoc|iPhone.Build.0 = Release|Any CPU
		{E36F4ED3-6E92-4B42-82FA-5CE67AA2B5D4}.Ad-Hoc|iPhone.Deploy.0 = Release|Any CPU
		{E36F4ED3-6E92-4B42-82FA-5CE67AA2B5D4}.Ad-Hoc|iPhoneSimulator.ActiveCfg = Release|Any CPU
		{E36F4ED3-6E92-4B42-82FA-5CE67AA2B5D4}.Ad-Hoc|iPhoneSimulator.Build.0 = Release|Any CPU
		{E36F4ED3-6E92-4B42-82FA-5CE67AA2B5D4}.Ad-Hoc|iPhoneSimulator.Deploy.0 = Release|Any CPU
		{E36F4ED3-6E92-4B42-82FA-5CE67AA2B5D4}.AppStore|Any CPU.ActiveCfg = Release|Any CPU
		{E36F4ED3-6E92-4B42-82FA-5CE67AA2B5D4}.AppStore|Any CPU.Build.0 = Release|Any CPU
		{E36F4ED3-6E92-4B42-82FA-5CE67AA2B5D4}.AppStore|Any CPU.Deploy.0 = Release|Any CPU
		{E36F4ED3-6E92-4B42-82FA-5CE67AA2B5D4}.AppStore|iPhone.ActiveCfg = Release|Any CPU
		{E36F4ED3-6E92-4B42-82FA-5CE67AA2B5D4}.AppStore|iPhone.Build.0 = Release|Any CPU
		{E36F4ED3-6E92-4B42-82FA-5CE67AA2B5D4}.AppStore|iPhone.Deploy.0 = Release|Any CPU
		{E36F4ED3-6E92-4B42-82FA-5CE67AA2B5D4}.AppStore|iPhoneSimulator.ActiveCfg = Release|Any CPU
		{E36F4ED3-6E92-4B42-82FA-5CE67AA2B5D4}.AppStore|iPhoneSimulator.Build.0 = Release|Any CPU
		{E36F4ED3-6E92-4B42-82FA-5CE67AA2B5D4}.AppStore|iPhoneSimulator.Deploy.0 = Release|Any CPU
		{E36F4ED3-6E92-4B42-82FA-5CE67AA2B5D4}.Debug|Any CPU.ActiveCfg = Debug|Any CPU
		{E36F4ED3-6E92-4B42-82FA-5CE67AA2B5D4}.Debug|Any CPU.Build.0 = Debug|Any CPU
		{E36F4ED3-6E92-4B42-82FA-5CE67AA2B5D4}.Debug|Any CPU.Deploy.0 = Debug|Any CPU
		{E36F4ED3-6E92-4B42-82FA-5CE67AA2B5D4}.Debug|iPhone.ActiveCfg = Debug|Any CPU
		{E36F4ED3-6E92-4B42-82FA-5CE67AA2B5D4}.Debug|iPhone.Build.0 = Debug|Any CPU
		{E36F4ED3-6E92-4B42-82FA-5CE67AA2B5D4}.Debug|iPhone.Deploy.0 = Debug|Any CPU
		{E36F4ED3-6E92-4B42-82FA-5CE67AA2B5D4}.Debug|iPhoneSimulator.ActiveCfg = Debug|Any CPU
		{E36F4ED3-6E92-4B42-82FA-5CE67AA2B5D4}.Debug|iPhoneSimulator.Build.0 = Debug|Any CPU
		{E36F4ED3-6E92-4B42-82FA-5CE67AA2B5D4}.Debug|iPhoneSimulator.Deploy.0 = Debug|Any CPU
		{E36F4ED3-6E92-4B42-82FA-5CE67AA2B5D4}.Release|Any CPU.ActiveCfg = Release|Any CPU
		{E36F4ED3-6E92-4B42-82FA-5CE67AA2B5D4}.Release|Any CPU.Build.0 = Release|Any CPU
		{E36F4ED3-6E92-4B42-82FA-5CE67AA2B5D4}.Release|Any CPU.Deploy.0 = Release|Any CPU
		{E36F4ED3-6E92-4B42-82FA-5CE67AA2B5D4}.Release|iPhone.ActiveCfg = Release|Any CPU
		{E36F4ED3-6E92-4B42-82FA-5CE67AA2B5D4}.Release|iPhone.Build.0 = Release|Any CPU
		{E36F4ED3-6E92-4B42-82FA-5CE67AA2B5D4}.Release|iPhone.Deploy.0 = Release|Any CPU
		{E36F4ED3-6E92-4B42-82FA-5CE67AA2B5D4}.Release|iPhoneSimulator.ActiveCfg = Release|Any CPU
		{E36F4ED3-6E92-4B42-82FA-5CE67AA2B5D4}.Release|iPhoneSimulator.Build.0 = Release|Any CPU
		{E36F4ED3-6E92-4B42-82FA-5CE67AA2B5D4}.Release|iPhoneSimulator.Deploy.0 = Release|Any CPU
		{1FAD2C27-12FC-46A4-B018-02A865430647}.Ad-Hoc|Any CPU.ActiveCfg = Ad-Hoc|iPhone
		{1FAD2C27-12FC-46A4-B018-02A865430647}.Ad-Hoc|Any CPU.Build.0 = Ad-Hoc|iPhone
		{1FAD2C27-12FC-46A4-B018-02A865430647}.Ad-Hoc|Any CPU.Deploy.0 = Ad-Hoc|iPhone
		{1FAD2C27-12FC-46A4-B018-02A865430647}.Ad-Hoc|iPhone.ActiveCfg = Ad-Hoc|iPhone
		{1FAD2C27-12FC-46A4-B018-02A865430647}.Ad-Hoc|iPhone.Build.0 = Ad-Hoc|iPhone
		{1FAD2C27-12FC-46A4-B018-02A865430647}.Ad-Hoc|iPhone.Deploy.0 = Ad-Hoc|iPhone
		{1FAD2C27-12FC-46A4-B018-02A865430647}.Ad-Hoc|iPhoneSimulator.ActiveCfg = Ad-Hoc|iPhoneSimulator
		{1FAD2C27-12FC-46A4-B018-02A865430647}.Ad-Hoc|iPhoneSimulator.Build.0 = Ad-Hoc|iPhoneSimulator
		{1FAD2C27-12FC-46A4-B018-02A865430647}.Ad-Hoc|iPhoneSimulator.Deploy.0 = Ad-Hoc|iPhoneSimulator
		{1FAD2C27-12FC-46A4-B018-02A865430647}.AppStore|Any CPU.ActiveCfg = AppStore|iPhone
		{1FAD2C27-12FC-46A4-B018-02A865430647}.AppStore|Any CPU.Build.0 = AppStore|iPhone
		{1FAD2C27-12FC-46A4-B018-02A865430647}.AppStore|Any CPU.Deploy.0 = AppStore|iPhone
		{1FAD2C27-12FC-46A4-B018-02A865430647}.AppStore|iPhone.ActiveCfg = AppStore|iPhone
		{1FAD2C27-12FC-46A4-B018-02A865430647}.AppStore|iPhone.Build.0 = AppStore|iPhone
		{1FAD2C27-12FC-46A4-B018-02A865430647}.AppStore|iPhone.Deploy.0 = AppStore|iPhone
		{1FAD2C27-12FC-46A4-B018-02A865430647}.AppStore|iPhoneSimulator.ActiveCfg = AppStore|iPhoneSimulator
		{1FAD2C27-12FC-46A4-B018-02A865430647}.AppStore|iPhoneSimulator.Build.0 = AppStore|iPhoneSimulator
		{1FAD2C27-12FC-46A4-B018-02A865430647}.AppStore|iPhoneSimulator.Deploy.0 = AppStore|iPhoneSimulator
		{1FAD2C27-12FC-46A4-B018-02A865430647}.Debug|Any CPU.ActiveCfg = Debug|iPhoneSimulator
		{1FAD2C27-12FC-46A4-B018-02A865430647}.Debug|Any CPU.Build.0 = Debug|iPhoneSimulator
		{1FAD2C27-12FC-46A4-B018-02A865430647}.Debug|Any CPU.Deploy.0 = Debug|iPhoneSimulator
		{1FAD2C27-12FC-46A4-B018-02A865430647}.Debug|iPhone.ActiveCfg = Debug|iPhone
		{1FAD2C27-12FC-46A4-B018-02A865430647}.Debug|iPhone.Build.0 = Debug|iPhone
		{1FAD2C27-12FC-46A4-B018-02A865430647}.Debug|iPhone.Deploy.0 = Debug|iPhone
		{1FAD2C27-12FC-46A4-B018-02A865430647}.Debug|iPhoneSimulator.ActiveCfg = Debug|iPhoneSimulator
		{1FAD2C27-12FC-46A4-B018-02A865430647}.Debug|iPhoneSimulator.Build.0 = Debug|iPhoneSimulator
		{1FAD2C27-12FC-46A4-B018-02A865430647}.Debug|iPhoneSimulator.Deploy.0 = Debug|iPhoneSimulator
		{1FAD2C27-12FC-46A4-B018-02A865430647}.Release|Any CPU.ActiveCfg = Release|iPhone
		{1FAD2C27-12FC-46A4-B018-02A865430647}.Release|Any CPU.Build.0 = Release|iPhone
		{1FAD2C27-12FC-46A4-B018-02A865430647}.Release|Any CPU.Deploy.0 = Release|iPhone
		{1FAD2C27-12FC-46A4-B018-02A865430647}.Release|iPhone.ActiveCfg = Release|iPhone
		{1FAD2C27-12FC-46A4-B018-02A865430647}.Release|iPhone.Build.0 = Release|iPhone
		{1FAD2C27-12FC-46A4-B018-02A865430647}.Release|iPhone.Deploy.0 = Release|iPhone
		{1FAD2C27-12FC-46A4-B018-02A865430647}.Release|iPhoneSimulator.ActiveCfg = Release|iPhoneSimulator
		{1FAD2C27-12FC-46A4-B018-02A865430647}.Release|iPhoneSimulator.Build.0 = Release|iPhoneSimulator
		{1FAD2C27-12FC-46A4-B018-02A865430647}.Release|iPhoneSimulator.Deploy.0 = Release|iPhoneSimulator
		{3ADED454-9898-47AE-8B33-7B096BB6F500}.Ad-Hoc|Any CPU.ActiveCfg = Debug|Any CPU
		{3ADED454-9898-47AE-8B33-7B096BB6F500}.Ad-Hoc|Any CPU.Build.0 = Debug|Any CPU
		{3ADED454-9898-47AE-8B33-7B096BB6F500}.Ad-Hoc|Any CPU.Deploy.0 = Debug|Any CPU
		{3ADED454-9898-47AE-8B33-7B096BB6F500}.Ad-Hoc|iPhone.ActiveCfg = Debug|Any CPU
		{3ADED454-9898-47AE-8B33-7B096BB6F500}.Ad-Hoc|iPhone.Build.0 = Debug|Any CPU
		{3ADED454-9898-47AE-8B33-7B096BB6F500}.Ad-Hoc|iPhone.Deploy.0 = Debug|Any CPU
		{3ADED454-9898-47AE-8B33-7B096BB6F500}.Ad-Hoc|iPhoneSimulator.ActiveCfg = Debug|Any CPU
		{3ADED454-9898-47AE-8B33-7B096BB6F500}.Ad-Hoc|iPhoneSimulator.Build.0 = Debug|Any CPU
		{3ADED454-9898-47AE-8B33-7B096BB6F500}.Ad-Hoc|iPhoneSimulator.Deploy.0 = Debug|Any CPU
		{3ADED454-9898-47AE-8B33-7B096BB6F500}.AppStore|Any CPU.ActiveCfg = Debug|Any CPU
		{3ADED454-9898-47AE-8B33-7B096BB6F500}.AppStore|Any CPU.Build.0 = Debug|Any CPU
		{3ADED454-9898-47AE-8B33-7B096BB6F500}.AppStore|Any CPU.Deploy.0 = Debug|Any CPU
		{3ADED454-9898-47AE-8B33-7B096BB6F500}.AppStore|iPhone.ActiveCfg = Debug|Any CPU
		{3ADED454-9898-47AE-8B33-7B096BB6F500}.AppStore|iPhone.Build.0 = Debug|Any CPU
		{3ADED454-9898-47AE-8B33-7B096BB6F500}.AppStore|iPhone.Deploy.0 = Debug|Any CPU
		{3ADED454-9898-47AE-8B33-7B096BB6F500}.AppStore|iPhoneSimulator.ActiveCfg = Debug|Any CPU
		{3ADED454-9898-47AE-8B33-7B096BB6F500}.AppStore|iPhoneSimulator.Build.0 = Debug|Any CPU
		{3ADED454-9898-47AE-8B33-7B096BB6F500}.AppStore|iPhoneSimulator.Deploy.0 = Debug|Any CPU
		{3ADED454-9898-47AE-8B33-7B096BB6F500}.Debug|Any CPU.ActiveCfg = Debug|Any CPU
		{3ADED454-9898-47AE-8B33-7B096BB6F500}.Debug|Any CPU.Build.0 = Debug|Any CPU
		{3ADED454-9898-47AE-8B33-7B096BB6F500}.Debug|Any CPU.Deploy.0 = Debug|Any CPU
		{3ADED454-9898-47AE-8B33-7B096BB6F500}.Debug|iPhone.ActiveCfg = Debug|Any CPU
		{3ADED454-9898-47AE-8B33-7B096BB6F500}.Debug|iPhone.Build.0 = Debug|Any CPU
		{3ADED454-9898-47AE-8B33-7B096BB6F500}.Debug|iPhone.Deploy.0 = Debug|Any CPU
		{3ADED454-9898-47AE-8B33-7B096BB6F500}.Debug|iPhoneSimulator.ActiveCfg = Debug|Any CPU
		{3ADED454-9898-47AE-8B33-7B096BB6F500}.Debug|iPhoneSimulator.Build.0 = Debug|Any CPU
		{3ADED454-9898-47AE-8B33-7B096BB6F500}.Debug|iPhoneSimulator.Deploy.0 = Debug|Any CPU
		{3ADED454-9898-47AE-8B33-7B096BB6F500}.Release|Any CPU.ActiveCfg = Release|Any CPU
		{3ADED454-9898-47AE-8B33-7B096BB6F500}.Release|Any CPU.Build.0 = Release|Any CPU
		{3ADED454-9898-47AE-8B33-7B096BB6F500}.Release|Any CPU.Deploy.0 = Release|Any CPU
		{3ADED454-9898-47AE-8B33-7B096BB6F500}.Release|iPhone.ActiveCfg = Release|Any CPU
		{3ADED454-9898-47AE-8B33-7B096BB6F500}.Release|iPhone.Build.0 = Release|Any CPU
		{3ADED454-9898-47AE-8B33-7B096BB6F500}.Release|iPhone.Deploy.0 = Release|Any CPU
		{3ADED454-9898-47AE-8B33-7B096BB6F500}.Release|iPhoneSimulator.ActiveCfg = Release|Any CPU
		{3ADED454-9898-47AE-8B33-7B096BB6F500}.Release|iPhoneSimulator.Build.0 = Release|Any CPU
		{3ADED454-9898-47AE-8B33-7B096BB6F500}.Release|iPhoneSimulator.Deploy.0 = Release|Any CPU
		{0194F58D-B660-4242-B050-767F9839E486}.Ad-Hoc|Any CPU.ActiveCfg = Release|Any CPU
		{0194F58D-B660-4242-B050-767F9839E486}.Ad-Hoc|Any CPU.Build.0 = Release|Any CPU
		{0194F58D-B660-4242-B050-767F9839E486}.Ad-Hoc|iPhone.ActiveCfg = Release|Any CPU
		{0194F58D-B660-4242-B050-767F9839E486}.Ad-Hoc|iPhone.Build.0 = Release|Any CPU
		{0194F58D-B660-4242-B050-767F9839E486}.Ad-Hoc|iPhoneSimulator.ActiveCfg = Release|Any CPU
		{0194F58D-B660-4242-B050-767F9839E486}.Ad-Hoc|iPhoneSimulator.Build.0 = Release|Any CPU
		{0194F58D-B660-4242-B050-767F9839E486}.AppStore|Any CPU.ActiveCfg = Release|Any CPU
		{0194F58D-B660-4242-B050-767F9839E486}.AppStore|Any CPU.Build.0 = Release|Any CPU
		{0194F58D-B660-4242-B050-767F9839E486}.AppStore|iPhone.ActiveCfg = Release|Any CPU
		{0194F58D-B660-4242-B050-767F9839E486}.AppStore|iPhone.Build.0 = Release|Any CPU
		{0194F58D-B660-4242-B050-767F9839E486}.AppStore|iPhoneSimulator.ActiveCfg = Release|Any CPU
		{0194F58D-B660-4242-B050-767F9839E486}.AppStore|iPhoneSimulator.Build.0 = Release|Any CPU
		{0194F58D-B660-4242-B050-767F9839E486}.Debug|Any CPU.ActiveCfg = Debug|Any CPU
		{0194F58D-B660-4242-B050-767F9839E486}.Debug|Any CPU.Build.0 = Debug|Any CPU
		{0194F58D-B660-4242-B050-767F9839E486}.Debug|iPhone.ActiveCfg = Debug|Any CPU
		{0194F58D-B660-4242-B050-767F9839E486}.Debug|iPhone.Build.0 = Debug|Any CPU
		{0194F58D-B660-4242-B050-767F9839E486}.Debug|iPhoneSimulator.ActiveCfg = Debug|Any CPU
		{0194F58D-B660-4242-B050-767F9839E486}.Debug|iPhoneSimulator.Build.0 = Debug|Any CPU
		{0194F58D-B660-4242-B050-767F9839E486}.Release|Any CPU.ActiveCfg = Release|Any CPU
		{0194F58D-B660-4242-B050-767F9839E486}.Release|Any CPU.Build.0 = Release|Any CPU
		{0194F58D-B660-4242-B050-767F9839E486}.Release|iPhone.ActiveCfg = Release|Any CPU
		{0194F58D-B660-4242-B050-767F9839E486}.Release|iPhone.Build.0 = Release|Any CPU
		{0194F58D-B660-4242-B050-767F9839E486}.Release|iPhoneSimulator.ActiveCfg = Release|Any CPU
		{0194F58D-B660-4242-B050-767F9839E486}.Release|iPhoneSimulator.Build.0 = Release|Any CPU
		{AE4CEDCB-9854-47E7-8C69-401E1E15A43C}.Ad-Hoc|Any CPU.ActiveCfg = Release|Any CPU
		{AE4CEDCB-9854-47E7-8C69-401E1E15A43C}.Ad-Hoc|Any CPU.Build.0 = Release|Any CPU
		{AE4CEDCB-9854-47E7-8C69-401E1E15A43C}.Ad-Hoc|iPhone.ActiveCfg = Release|Any CPU
		{AE4CEDCB-9854-47E7-8C69-401E1E15A43C}.Ad-Hoc|iPhone.Build.0 = Release|Any CPU
		{AE4CEDCB-9854-47E7-8C69-401E1E15A43C}.Ad-Hoc|iPhoneSimulator.ActiveCfg = Release|Any CPU
		{AE4CEDCB-9854-47E7-8C69-401E1E15A43C}.Ad-Hoc|iPhoneSimulator.Build.0 = Release|Any CPU
		{AE4CEDCB-9854-47E7-8C69-401E1E15A43C}.AppStore|Any CPU.ActiveCfg = Release|Any CPU
		{AE4CEDCB-9854-47E7-8C69-401E1E15A43C}.AppStore|Any CPU.Build.0 = Release|Any CPU
		{AE4CEDCB-9854-47E7-8C69-401E1E15A43C}.AppStore|iPhone.ActiveCfg = Release|Any CPU
		{AE4CEDCB-9854-47E7-8C69-401E1E15A43C}.AppStore|iPhone.Build.0 = Release|Any CPU
		{AE4CEDCB-9854-47E7-8C69-401E1E15A43C}.AppStore|iPhoneSimulator.ActiveCfg = Release|Any CPU
		{AE4CEDCB-9854-47E7-8C69-401E1E15A43C}.AppStore|iPhoneSimulator.Build.0 = Release|Any CPU
		{AE4CEDCB-9854-47E7-8C69-401E1E15A43C}.Debug|Any CPU.ActiveCfg = Debug|Any CPU
		{AE4CEDCB-9854-47E7-8C69-401E1E15A43C}.Debug|Any CPU.Build.0 = Debug|Any CPU
		{AE4CEDCB-9854-47E7-8C69-401E1E15A43C}.Debug|iPhone.ActiveCfg = Debug|Any CPU
		{AE4CEDCB-9854-47E7-8C69-401E1E15A43C}.Debug|iPhone.Build.0 = Debug|Any CPU
		{AE4CEDCB-9854-47E7-8C69-401E1E15A43C}.Debug|iPhoneSimulator.ActiveCfg = Debug|Any CPU
		{AE4CEDCB-9854-47E7-8C69-401E1E15A43C}.Debug|iPhoneSimulator.Build.0 = Debug|Any CPU
		{AE4CEDCB-9854-47E7-8C69-401E1E15A43C}.Release|Any CPU.ActiveCfg = Release|Any CPU
		{AE4CEDCB-9854-47E7-8C69-401E1E15A43C}.Release|Any CPU.Build.0 = Release|Any CPU
		{AE4CEDCB-9854-47E7-8C69-401E1E15A43C}.Release|iPhone.ActiveCfg = Release|Any CPU
		{AE4CEDCB-9854-47E7-8C69-401E1E15A43C}.Release|iPhone.Build.0 = Release|Any CPU
		{AE4CEDCB-9854-47E7-8C69-401E1E15A43C}.Release|iPhoneSimulator.ActiveCfg = Release|Any CPU
		{AE4CEDCB-9854-47E7-8C69-401E1E15A43C}.Release|iPhoneSimulator.Build.0 = Release|Any CPU
	EndGlobalSection
	GlobalSection(SolutionProperties) = preSolution
		HideSolutionNode = FALSE
	EndGlobalSection
	GlobalSection(ExtensibilityGlobals) = postSolution
		SolutionGuid = {C9E6CF89-F881-4C7B-8352-BC12EFA31D19}
	EndGlobalSection
EndGlobal
